{
  "name": "split-stack-documentation-test",
  "version": "1.0.0",
  "lockfileVersion": 1,
  "requires": true,
  "dependencies": {
    "lodash": {
      "version": "4.17.5",
      "resolved": "https://registry.npmjs.org/lodash/-/lodash-4.17.5.tgz",
      "integrity": "sha512-svL3uiZf1RwhH+cWrfZn3A4+U58wbP0tGVTLQPbjplZxZ8ROD9VLuNgsRniTlLe7OlSqR79RUehXgpBW/s0IQw==",
      "dev": true
    },
    "object-hash": {
      "version": "1.2.0",
      "resolved": "https://registry.npmjs.org/object-hash/-/object-hash-1.2.0.tgz",
      "integrity": "sha512-smRWXzkvxw72VquyZ0wggySl7PFUtoDhvhpdwgESXxUrH7vVhhp9asfup1+rVLrhsl7L45Ee1Q/l5R2Ul4MwUg==",
      "dev": true
    },
    "semver": {
      "version": "5.5.0",
      "resolved": "https://registry.npmjs.org/semver/-/semver-5.5.0.tgz",
      "integrity": "sha512-4SJ3dm0WAwWy/NVeioZh5AntkdJoWKxHxcmyP622fOkgHa4z3R0TdBJICINyaSDE6uNwVc8gZr+ZinwZAH4xIA==",
      "dev": true
    },
    "serverless-aws-documentation": {
      "version": "git+https://github.com/ebouther/serverless-aws-documentation.git#ec6a1934c93d19f6c60ce41be614c28a1ff3fc3a",
      "dev": true,
      "requires": {
        "object-hash": "1.2.0"
      }
    },
    "serverless-plugin-split-stacks": {
      "version": "1.4.1",
      "resolved": "https://registry.npmjs.org/serverless-plugin-split-stacks/-/serverless-plugin-split-stacks-1.4.1.tgz",
      "integrity": "sha1-GVTcgfR9akfaSswprhNXHWpStp4=",
      "dev": true,
      "requires": {
        "lodash": "4.17.5",
        "semver": "5.5.0"
      }
    }
  }
}
